
Microsoft Visual Studio Solution File, Format Version 12.00
# Visual Studio Version 17
VisualStudioVersion = 17.3.32825.248
MinimumVisualStudioVersion = 10.0.40219.1
Project("{FAE04EC0-301F-11D3-BF4B-00C04F79EFBC}") = "ASLLearningApp", "ASLLearningApp\ASLLearningApp.csproj", "{3C29E89B-CCE2-455F-9797-844058C7A1C9}"
EndProject
Global
	GlobalSection(SolutionConfigurationPlatforms) = preSolution
		Debug|Any CPU = Debug|Any CPU
		Release|Any CPU = Release|Any CPU
	EndGlobalSection
	GlobalSection(ProjectConfigurationPlatforms) = postSolution
		{3C29E89B-CCE2-455F-9797-844058C7A1C9}.Debug|Any CPU.ActiveCfg = Debug|Any CPU
		{3C29E89B-CCE2-455F-9797-844058C7A1C9}.Debug|Any CPU.Build.0 = Debug|Any CPU
		{3C29E89B-CCE2-455F-9797-844058C7A1C9}.Release|Any CPU.ActiveCfg = Debug|Any CPU
		{3C29E89B-CCE2-455F-9797-844058C7A1C9}.Release|Any CPU.Build.0 = Debug|Any CPU
	EndGlobalSection
	GlobalSection(SolutionProperties) = preSolution
		HideSolutionNode = FALSE
	EndGlobalSection
	GlobalSection(ExtensibilityGlobals) = postSolution
		SolutionGuid = {E8EF78F0-0E59-4436-8689-0FF2B37405A0}
	EndGlobalSection
EndGlobal
